
Microsoft Visual Studio Solution File, Format Version 12.00
# Visual Studio Version 17
VisualStudioVersion = 17.14.36811.4 d17.14
MinimumVisualStudioVersion = 10.0.40219.1
Project("{FAE04EC0-301F-11D3-BF4B-00C04F79EFBC}") = "ShellNotesApp", "ShellNotesApp.csproj", "{142205C5-343C-C11B-31F5-9B746D4D6EB1}"
EndProject
Global
	GlobalSection(SolutionConfigurationPlatforms) = preSolution
		Debug|Any CPU = Debug|Any CPU
		Release|Any CPU = Release|Any CPU
	EndGlobalSection
	GlobalSection(ProjectConfigurationPlatforms) = postSolution
		{142205C5-343C-C11B-31F5-9B746D4D6EB1}.Debug|Any CPU.ActiveCfg = Debug|Any CPU
		{142205C5-343C-C11B-31F5-9B746D4D6EB1}.Debug|Any CPU.Build.0 = Debug|Any CPU
		{142205C5-343C-C11B-31F5-9B746D4D6EB1}.Release|Any CPU.ActiveCfg = Release|Any CPU
		{142205C5-343C-C11B-31F5-9B746D4D6EB1}.Release|Any CPU.Build.0 = Release|Any CPU
	EndGlobalSection
	GlobalSection(SolutionProperties) = preSolution
		HideSolutionNode = FALSE
	EndGlobalSection
	GlobalSection(ExtensibilityGlobals) = postSolution
		SolutionGuid = {0AC076B9-4C77-4562-BD81-33154FC1E2C6}
	EndGlobalSection
EndGlobal
